
Microsoft Visual Studio Solution File, Format Version 12.00
# Visual Studio Version 17
VisualStudioVersion = 17.11.35222.181
MinimumVisualStudioVersion = 10.0.40219.1
Project("{9A19103F-16F7-4668-BE54-9A1E7A4F7556}") = "Assignment01_SE183358_NguyenBaNhan", "Assignment01_SE183358_NguyenBaNhan\Assignment01_SE183358_NguyenBaNhan.csproj", "{A84FB76E-4E06-4979-A43C-ABB90D282D9C}"
EndProject
Project("{9A19103F-16F7-4668-BE54-9A1E7A4F7556}") = "Candidate_BusinessObjects", "Candidate_BussinessObjects\Candidate_BusinessObjects.csproj", "{D3D942D9-A81E-4943-A4E7-63E09B7DBCE7}"
EndProject
Project("{9A19103F-16F7-4668-BE54-9A1E7A4F7556}") = "Candidate_DAO", "Candidate_DAO\Candidate_DAO.csproj", "{00BED823-D908-41C6-BA84-EE517A995202}"
EndProject
Project("{9A19103F-16F7-4668-BE54-9A1E7A4F7556}") = "Candidate_Repository", "Candidate_Repository\Candidate_Repository.csproj", "{16C956AD-F7EF-4EE7-B5F4-587998D9C864}"
EndProject
Project("{9A19103F-16F7-4668-BE54-9A1E7A4F7556}") = "Candidate_Services", "Candidate_Services\Candidate_Services.csproj", "{BBE85875-08FA-409A-89E6-7A9E0F3DBA14}"
EndProject
Global
	GlobalSection(SolutionConfigurationPlatforms) = preSolution
		Debug|Any CPU = Debug|Any CPU
		Release|Any CPU = Release|Any CPU
	EndGlobalSection
	GlobalSection(ProjectConfigurationPlatforms) = postSolution
		{A84FB76E-4E06-4979-A43C-ABB90D282D9C}.Debug|Any CPU.ActiveCfg = Debug|Any CPU
		{A84FB76E-4E06-4979-A43C-ABB90D282D9C}.Debug|Any CPU.Build.0 = Debug|Any CPU
		{A84FB76E-4E06-4979-A43C-ABB90D282D9C}.Release|Any CPU.ActiveCfg = Release|Any CPU
		{A84FB76E-4E06-4979-A43C-ABB90D282D9C}.Release|Any CPU.Build.0 = Release|Any CPU
		{D3D942D9-A81E-4943-A4E7-63E09B7DBCE7}.Debug|Any CPU.ActiveCfg = Debug|Any CPU
		{D3D942D9-A81E-4943-A4E7-63E09B7DBCE7}.Debug|Any CPU.Build.0 = Debug|Any CPU
		{D3D942D9-A81E-4943-A4E7-63E09B7DBCE7}.Release|Any CPU.ActiveCfg = Release|Any CPU
		{D3D942D9-A81E-4943-A4E7-63E09B7DBCE7}.Release|Any CPU.Build.0 = Release|Any CPU
		{00BED823-D908-41C6-BA84-EE517A995202}.Debug|Any CPU.ActiveCfg = Debug|Any CPU
		{00BED823-D908-41C6-BA84-EE517A995202}.Debug|Any CPU.Build.0 = Debug|Any CPU
		{00BED823-D908-41C6-BA84-EE517A995202}.Release|Any CPU.ActiveCfg = Release|Any CPU
		{00BED823-D908-41C6-BA84-EE517A995202}.Release|Any CPU.Build.0 = Release|Any CPU
		{16C956AD-F7EF-4EE7-B5F4-587998D9C864}.Debug|Any CPU.ActiveCfg = Debug|Any CPU
		{16C956AD-F7EF-4EE7-B5F4-587998D9C864}.Debug|Any CPU.Build.0 = Debug|Any CPU
		{16C956AD-F7EF-4EE7-B5F4-587998D9C864}.Release|Any CPU.ActiveCfg = Release|Any CPU
		{16C956AD-F7EF-4EE7-B5F4-587998D9C864}.Release|Any CPU.Build.0 = Release|Any CPU
		{BBE85875-08FA-409A-89E6-7A9E0F3DBA14}.Debug|Any CPU.ActiveCfg = Debug|Any CPU
		{BBE85875-08FA-409A-89E6-7A9E0F3DBA14}.Debug|Any CPU.Build.0 = Debug|Any CPU
		{BBE85875-08FA-409A-89E6-7A9E0F3DBA14}.Release|Any CPU.ActiveCfg = Release|Any CPU
		{BBE85875-08FA-409A-89E6-7A9E0F3DBA14}.Release|Any CPU.Build.0 = Release|Any CPU
	EndGlobalSection
	GlobalSection(SolutionProperties) = preSolution
		HideSolutionNode = FALSE
	EndGlobalSection
	GlobalSection(ExtensibilityGlobals) = postSolution
		SolutionGuid = {E8BC3F52-A113-441D-9418-A3997E4EC45F}
	EndGlobalSection
EndGlobal
